<?xml version="1.0" encoding="utf-8"?>
<Project ToolsVersion="4.0" xmlns="http://schemas.microsoft.com/developer/msbuild/2003">
  <ItemGroup>
    <Filter Include="Source Files">
      <UniqueIdentifier>{4FC737F1-C7A5-4376-A066-2A32D752A2FF}</UniqueIdentifier>
      <Extensions>cpp;c;cc;cxx;c++;cppm;ixx;def;odl;idl;hpj;bat;asm;asmx</Extensions>
    </Filter>
    <Filter Include="Header Files">
      <UniqueIdentifier>{93995380-89BD-4b04-88EB-625FBE52EBFB}</UniqueIdentifier>
      <Extensions>h;hh;hpp;hxx;h++;hm;inl;inc;ipp;xsd</Extensions>
    </Filter>
    <Filter Include="Resource Files">
      <UniqueIdentifier>{67DA6AB6-F800-4c08-8B7A-83BB121AAD01}</UniqueIdentifier>
      <Extensions>rc;ico;cur;bmp;dlg;rc2;rct;bin;rgs;gif;jpg;jpeg;jpe;resx;tiff;tif;png;wav;mfcribbon-ms</Extensions>
    </Filter>
  </ItemGroup>
  <ItemGroup>
    <ClInclude Include="Stratedy Design Pattern\Bird.h">
      <Filter>Header Files</Filter>
    </ClInclude>
    <ClInclude Include="Stratedy Design Pattern\BirdBehaviour.h">
      <Filter>Header Files</Filter>
    </ClInclude>
    <ClInclude Include="Observer Pattern\Subject.h">
      <Filter>Header Files</Filter>
    </ClInclude>
    <ClInclude Include="Observer Pattern\Observer.h">
      <Filter>Header Files</Filter>
    </ClInclude>
    <ClInclude Include="Observer Pattern\DisplayElement.h">
      <Filter>Header Files</Filter>
    </ClInclude>
    <ClInclude Include="Observer Pattern\WeatherData.h">
      <Filter>Header Files</Filter>
    </ClInclude>
    <ClInclude Include="Observer Pattern\CurrentConditionsDisplay.h">
      <Filter>Header Files</Filter>
    </ClInclude>
    <ClInclude Include="Observer Pattern\WeatherStatsDisplay.h">
      <Filter>Header Files</Filter>
    </ClInclude>
    <ClInclude Include="Observer Pattern\ForecastDisplay.h">
      <Filter>Header Files</Filter>
    </ClInclude>
    <ClInclude Include="Decorator Pattern\Beverage.h">
      <Filter>Header Files</Filter>
    </ClInclude>
    <ClInclude Include="Decorator Pattern\CondimentDecorator.h">
      <Filter>Header Files</Filter>
    </ClInclude>
    <ClInclude Include="Decorator Pattern\Coffees.h">
      <Filter>Header Files</Filter>
    </ClInclude>
    <ClInclude Include="Decorator Pattern\Condiments.h">
      <Filter>Header Files</Filter>
    </ClInclude>
    <ClInclude Include="Factory Pattern\PizzaStore.h">
      <Filter>Header Files</Filter>
    </ClInclude>
    <ClInclude Include="Factory Pattern\Pizza.h">
      <Filter>Header Files</Filter>
    </ClInclude>
    <ClInclude Include="Factory Pattern\NYPizzaStore.h">
      <Filter>Header Files</Filter>
    </ClInclude>
    <ClInclude Include="Factory Pattern\ChicagoPizzaStore.h">
      <Filter>Header Files</Filter>
    </ClInclude>
    <ClInclude Include="Factory Pattern\PizzaIngredientFactory.h">
      <Filter>Header Files</Filter>
    </ClInclude>
    <ClInclude Include="Factory Pattern\NYPizzaIngredientFactory.h">
      <Filter>Header Files</Filter>
    </ClInclude>
    <ClInclude Include="Factory Pattern\Ingredients.h">
      <Filter>Header Files</Filter>
    </ClInclude>
    <ClInclude Include="Factory Pattern\NYIngredients.h">
      <Filter>Header Files</Filter>
    </ClInclude>
    <ClInclude Include="Factory Pattern\PizzaTypes.h">
      <Filter>Header Files</Filter>
    </ClInclude>
    <ClInclude Include="Factory Pattern\ChicagoPizzaIngredientFactory.h">
      <Filter>Header Files</Filter>
    </ClInclude>
    <ClInclude Include="Factory Pattern\ChicagoIngredient.h">
      <Filter>Header Files</Filter>
    </ClInclude>
    <ClInclude Include="Encapsulating Invocation\Device.h">
      <Filter>Header Files</Filter>
    </ClInclude>
    <ClInclude Include="Encapsulating Invocation\Slot.h">
      <Filter>Header Files</Filter>
    </ClInclude>
    <ClInclude Include="Encapsulating Invocation\Remote.h">
      <Filter>Header Files</Filter>
    </ClInclude>
    <ClInclude Include="Encapsulating Invocation\VendorDevices.h">
      <Filter>Header Files</Filter>
    </ClInclude>
    <ClInclude Include="Encapsulating Invocation\Command Pattern\Command.h">
      <Filter>Header Files</Filter>
    </ClInclude>
    <ClInclude Include="Encapsulating Invocation\Command Pattern\Remote.h">
      <Filter>Header Files</Filter>
    </ClInclude>
    <ClInclude Include="Encapsulating Invocation\Command Pattern\Commands.h">
      <Filter>Header Files</Filter>
    </ClInclude>
    <ClInclude Include="Encapsulating Invocation\Command Pattern\Devices.h">
      <Filter>Header Files</Filter>
    </ClInclude>
    <ClInclude Include="Adapter Pattern\Duck.h">
      <Filter>Header Files</Filter>
    </ClInclude>
    <ClInclude Include="Adapter Pattern\Turkey.h">
      <Filter>Header Files</Filter>
    </ClInclude>
    <ClInclude Include="Adapter Pattern\MallardDuck.h">
      <Filter>Header Files</Filter>
    </ClInclude>
    <ClInclude Include="Adapter Pattern\WildTurkey.h">
      <Filter>Header Files</Filter>
    </ClInclude>
    <ClInclude Include="Adapter Pattern\TurkeyAdapter.h">
      <Filter>Header Files</Filter>
    </ClInclude>
    <ClInclude Include="Template Method Pattern\CaffeineBeverage.h">
      <Filter>Header Files</Filter>
    </ClInclude>
    <ClInclude Include="Template Method Pattern\Coffee.h">
      <Filter>Header Files</Filter>
    </ClInclude>
    <ClInclude Include="Template Method Pattern\Tea.h">
      <Filter>Header Files</Filter>
    </ClInclude>
    <ClInclude Include="Iterator Pattern\MenuItem.h">
      <Filter>Header Files</Filter>
    </ClInclude>
    <ClInclude Include="Iterator Pattern\PancakeHouseMenu.h">
      <Filter>Header Files</Filter>
    </ClInclude>
    <ClInclude Include="Iterator Pattern\DinerMenu.h">
      <Filter>Header Files</Filter>
    </ClInclude>
    <ClInclude Include="Iterator Pattern\Waitress.h">
      <Filter>Header Files</Filter>
    </ClInclude>
    <ClInclude Include="Iterator Pattern\Iterator.h">
      <Filter>Header Files</Filter>
    </ClInclude>
    <ClInclude Include="Iterator Pattern\DinerMenuIterator.h">
      <Filter>Header Files</Filter>
    </ClInclude>
    <ClInclude Include="Iterator Pattern\PancakeHouseMenuIterator.h">
      <Filter>Header Files</Filter>
    </ClInclude>
  </ItemGroup>
  <ItemGroup>
    <ClCompile Include="Stratedy Design Pattern\Bird.cpp">
      <Filter>Source Files</Filter>
    </ClCompile>
    <ClCompile Include="Observer Pattern\WeatherData.cpp">
      <Filter>Source Files</Filter>
    </ClCompile>
    <ClCompile Include="Observer Pattern\CurrentConditionsDisplay.cpp">
      <Filter>Source Files</Filter>
    </ClCompile>
    <ClCompile Include="Observer Pattern\WeatherStatsDisplay.cpp">
      <Filter>Source Files</Filter>
    </ClCompile>
    <ClCompile Include="Observer Pattern\ForecastDisplay.cpp">
      <Filter>Source Files</Filter>
    </ClCompile>
    <ClCompile Include="Iterator Pattern\Main.cpp">
      <Filter>Source Files</Filter>
    </ClCompile>
  </ItemGroup>
</Project>